
Microsoft Visual Studio Solution File, Format Version 12.00
# Visual Studio Version 16
VisualStudioVersion = 16.0.31105.61
MinimumVisualStudioVersion = 10.0.40219.1
Project("{FAE04EC0-301F-11D3-BF4B-00C04F79EFBC}") = "RestaurantRater01", "RestaurantRater01\RestaurantRater01.csproj", "{7C176739-9010-4C18-A4AD-3600CBB863D1}"
EndProject
Global
	GlobalSection(SolutionConfigurationPlatforms) = preSolution
		Debug|Any CPU = Debug|Any CPU
		Release|Any CPU = Release|Any CPU
	EndGlobalSection
	GlobalSection(ProjectConfigurationPlatforms) = postSolution
		{7C176739-9010-4C18-A4AD-3600CBB863D1}.Debug|Any CPU.ActiveCfg = Debug|Any CPU
		{7C176739-9010-4C18-A4AD-3600CBB863D1}.Debug|Any CPU.Build.0 = Debug|Any CPU
		{7C176739-9010-4C18-A4AD-3600CBB863D1}.Release|Any CPU.ActiveCfg = Release|Any CPU
		{7C176739-9010-4C18-A4AD-3600CBB863D1}.Release|Any CPU.Build.0 = Release|Any CPU
	EndGlobalSection
	GlobalSection(SolutionProperties) = preSolution
		HideSolutionNode = FALSE
	EndGlobalSection
	GlobalSection(ExtensibilityGlobals) = postSolution
		SolutionGuid = {0070FE26-E755-4AF2-B895-7351299BFB12}
	EndGlobalSection
EndGlobal
